// !$*UTF8*$!
{
	archiveVersion = 1;
	classes = {
	};
	objectVersion = 50;
	objects = {

/* Begin PBXBuildFile section */
		5ECDA3E32444C74A0090A35A /* AppDelegate.swift in Sources */ = {isa = PBXBuildFile; fileRef = 5ECDA3E22444C74A0090A35A /* AppDelegate.swift */; };
		5ECDA3E52444C74A0090A35A /* SceneDelegate.swift in Sources */ = {isa = PBXBuildFile; fileRef = 5ECDA3E42444C74A0090A35A /* SceneDelegate.swift */; };
		5ECDA3E72444C74A0090A35A /* ViewController.swift in Sources */ = {isa = PBXBuildFile; fileRef = 5ECDA3E62444C74A0090A35A /* ViewController.swift */; };
		5ECDA3EA2444C74A0090A35A /* Main.storyboard in Resources */ = {isa = PBXBuildFile; fileRef = 5ECDA3E82444C74A0090A35A /* Main.storyboard */; };
		5ECDA3EC2444C74D0090A35A /* Assets.xcassets in Resources */ = {isa = PBXBuildFile; fileRef = 5ECDA3EB2444C74D0090A35A /* Assets.xcassets */; };
		5ECDA3EF2444C74D0090A35A /* LaunchScreen.storyboard in Resources */ = {isa = PBXBuildFile; fileRef = 5ECDA3ED2444C74D0090A35A /* LaunchScreen.storyboard */; };
/* End PBXBuildFile section */

/* Begin PBXFileReference section */
		5ECDA3DF2444C74A0090A35A /* HangmanGame.app */ = {isa = PBXFileReference; explicitFileType = wrapper.application; includeInIndex = 0; path = HangmanGame.app; sourceTree = BUILT_PRODUCTS_DIR; };
		5ECDA3E22444C74A0090A35A /* AppDelegate.swift */ = {isa = PBXFileReference; lastKnownFileType = sourcecode.swift; path = AppDelegate.swift; sourceTree = "<group>"; };
		5ECDA3E42444C74A0090A35A /* SceneDelegate.swift */ = {isa = PBXFileReference; lastKnownFileType = sourcecode.swift; path = SceneDelegate.swift; sourceTree = "<group>"; };
		5ECDA3E62444C74A0090A35A /* ViewController.swift */ = {isa = PBXFileReference; lastKnownFileType = sourcecode.swift; path = ViewController.swift; sourceTree = "<group>"; };
		5ECDA3E92444C74A0090A35A /* Base */ = {isa = PBXFileReference; lastKnownFileType = file.storyboard; name = Base; path = Base.lproj/Main.storyboard; sourceTree = "<group>"; };
		5ECDA3EB2444C74D0090A35A /* Assets.xcassets */ = {isa = PBXFileReference; lastKnownFileType = folder.assetcatalog; path = Assets.xcassets; sourceTree = "<group>"; };
		5ECDA3EE2444C74D0090A35A /* Base */ = {isa = PBXFileReference; lastKnownFileType = file.storyboard; name = Base; path = Base.lproj/LaunchScreen.storyboard; sourceTree = "<group>"; };
		5ECDA3F02444C74D0090A35A /* Info.plist */ = {isa = PBXFileReference; lastKnownFileType = text.plist.xml; path = Info.plist; sourceTree = "<group>"; };
/* End PBXFileReference section */

/* Begin PBXFrameworksBuildPhase section */
		5ECDA3DC2444C74A0090A35A /* Frameworks */ = {
			isa = PBXFrameworksBuildPhase;
			buildActionMask = 2147483647;
			files = (
			);
			runOnlyForDeploymentPostprocessing = 0;
		};
/* End PBXFrameworksBuildPhase section */

/* Begin PBXGroup section */
		5ECDA3D62444C74A0090A35A = {
			isa = PBXGroup;
			children = (
				5ECDA3E12444C74A0090A35A /* HangmanGame */,
				5ECDA3E02444C74A0090A35A /* Products */,
			);
			sourceTree = "<group>";
		};
		5ECDA3E02444C74A0090A35A /* Products */ = {
			isa = PBXGroup;
			children = (
				5ECDA3DF2444C74A0090A35A /* HangmanGame.app */,
			);
			name = Products;
			sourceTree = "<group>";
		};
		5ECDA3E12444C74A0090A35A /* HangmanGame */ = {
			isa = PBXGroup;
			children = (
				5ECDA3E22444C74A0090A35A /* AppDelegate.swift */,
				5ECDA3E42444C74A0090A35A /* SceneDelegate.swift */,
				5ECDA3E62444C74A0090A35A /* ViewController.swift */,
				5ECDA3E82444C74A0090A35A /* Main.storyboard */,
				5ECDA3EB2444C74D0090A35A /* Assets.xcassets */,
				5ECDA3ED2444C74D0090A35A /* LaunchScreen.storyboard */,
				5ECDA3F02444C74D0090A35A /* Info.plist */,
			);
			path = HangmanGame;
			sourceTree = "<group>";
		};
/* End PBXGroup section */

/* Begin PBXNativeTarget section */
		5ECDA3DE2444C74A0090A35A /* HangmanGame */ = {
			isa = PBXNativeTarget;
			buildConfigurationList = 5ECDA3F32444C74D0090A35A /* Build configuration list for PBXNativeTarget "HangmanGame" */;
			buildPhases = (
				5ECDA3DB2444C74A0090A35A /* Sources */,
				5ECDA3DC2444C74A0090A35A /* Frameworks */,
				5ECDA3DD2444C74A0090A35A /* Resources */,
			);
			buildRules = (
			);
			dependencies = (
			);
			name = HangmanGame;
			productName = HangmanGame;
			productReference = 5ECDA3DF2444C74A0090A35A /* HangmanGame.app */;
			productType = "com.apple.product-type.application";
		};
/* End PBXNativeTarget section */

/* Begin PBXProject section */
		5ECDA3D72444C74A0090A35A /* Project object */ = {
			isa = PBXProject;
			attributes = {
				LastSwiftUpdateCheck = 1140;
				LastUpgradeCheck = 1140;
				ORGANIZATIONNAME = "Ekaterina Akchurina";
				TargetAttributes = {
					5ECDA3DE2444C74A0090A35A = {
						CreatedOnToolsVersion = 11.4;
					};
				};
			};
			buildConfigurationList = 5ECDA3DA2444C74A0090A35A /* Build configuration list for PBXProject "HangmanGame" */;
			compatibilityVersion = "Xcode 9.3";
			developmentRegion = en;
			hasScannedForEncodings = 0;
			knownRegions = (
				en,
				Base,
			);
			mainGroup = 5ECDA3D62444C74A0090A35A;
			productRefGroup = 5ECDA3E02444C74A0090A35A /* Products */;
			projectDirPath = "";
			projectRoot = "";
			targets = (
				5ECDA3DE2444C74A0090A35A /* HangmanGame */,
			);
		};
/* End PBXProject section */

/* Begin PBXResourcesBuildPhase section */
		5ECDA3DD2444C74A0090A35A /* Resources */ = {
			isa = PBXResourcesBuildPhase;
			buildActionMask = 2147483647;
			files = (
				5ECDA3EF2444C74D0090A35A /* LaunchScreen.storyboard in Resources */,
				5ECDA3EC2444C74D0090A35A /* Assets.xcassets in Resources */,
				5ECDA3EA2444C74A0090A35A /* Main.storyboard in Resources */,
			);
			runOnlyForDeploymentPostprocessing = 0;
		};
/* End PBXResourcesBuildPhase section */

/* Begin PBXSourcesBuildPhase section */
		5ECDA3DB2444C74A0090A35A /* Sources */ = {
			isa = PBXSourcesBuildPhase;
			buildActionMask = 2147483647;
			files = (
				5ECDA3E72444C74A0090A35A /* ViewController.swift in Sources */,
				5ECDA3E32444C74A0090A35A /* AppDelegate.swift in Sources */,
				5ECDA3E52444C74A0090A35A /* SceneDelegate.swift in Sources */,
			);
			runOnlyForDeploymentPostprocessing = 0;
		};
/* End PBXSourcesBuildPhase section */

/* Begin PBXVariantGroup section */
		5ECDA3E82444C74A0090A35A /* Main.storyboard */ = {
			isa = PBXVariantGroup;
			children = (
				5ECDA3E92444C74A0090A35A /* Base */,
			);
			name = Main.storyboard;
			sourceTree = "<group>";
		};
		5ECDA3ED2444C74D0090A35A /* LaunchScreen.storyboard */ = {
			isa = PBXVariantGroup;
			children = (
				5ECDA3EE2444C74D0090A35A /* Base */,
			);
			name = LaunchScreen.storyboard;
			sourceTree = "<group>";
		};
/* End PBXVariantGroup section */

/* Begin XCBuildConfiguration section */
		5ECDA3F12444C74D0090A35A /* Debug */ = {
			isa = XCBuildConfiguration;
			buildSettings = {
				ALWAYS_SEARCH_USER_PATHS = NO;
				CLANG_ANALYZER_NONNULL = YES;
				CLANG_ANALYZER_NUMBER_OBJECT_CONVERSION = YES_AGGRESSIVE;
				CLANG_CXX_LANGUAGE_STANDARD = "gnu++14";
				CLANG_CXX_LIBRARY = "libc++";
				CLANG_ENABLE_MODULES = YES;
				CLANG_ENABLE_OBJC_ARC = YES;
				CLANG_ENABLE_OBJC_WEAK = YES;
				CLANG_WARN_BLOCK_CAPTURE_AUTORELEASING = YES;
				CLANG_WARN_BOOL_CONVERSION = YES;
				CLANG_WARN_COMMA = YES;
				CLANG_WARN_CONSTANT_CONVERSION = YES;
				CLANG_WARN_DEPRECATED_OBJC_IMPLEMENTATIONS = YES;
				CLANG_WARN_DIRECT_OBJC_ISA_USAGE = YES_ERROR;
				CLANG_WARN_DOCUMENTATION_COMMENTS = YES;
				CLANG_WARN_EMPTY_BODY = YES;
				CLANG_WARN_ENUM_CONVERSION = YES;
				CLANG_WARN_INFINITE_RECURSION = YES;
				CLANG_WARN_INT_CONVERSION = YES;
				CLANG_WARN_NON_LITERAL_NULL_CONVERSION = YES;
				CLANG_WARN_OBJC_IMPLICIT_RETAIN_SELF = YES;
				CLANG_WARN_OBJC_LITERAL_CONVERSION = YES;
				CLANG_WARN_OBJC_ROOT_CLASS = YES_ERROR;
				CLANG_WARN_RANGE_LOOP_ANALYSIS = YES;
				CLANG_WARN_STRICT_PROTOTYPES = YES;
				CLANG_WARN_SUSPICIOUS_MOVE = YES;
				CLANG_WARN_UNGUARDED_AVAILABILITY = YES_AGGRESSIVE;
				CLANG_WARN_UNREACHABLE_CODE = YES;
				CLANG_WARN__DUPLICATE_METHOD_MATCH = YES;
				COPY_PHASE_STRIP = NO;
				DEBUG_INFORMATION_FORMAT = dwarf;
				ENABLE_STRICT_OBJC_MSGSEND = YES;
				ENABLE_TESTABILITY = YES;
				GCC_C_LANGUAGE_STANDARD = gnu11;
				GCC_DYNAMIC_NO_PIC = NO;
				GCC_NO_COMMON_BLOCKS = YES;
				GCC_OPTIMIZATION_LEVEL = 0;
				GCC_PREPROCESSOR_DEFINITIONS = (
					"DEBUG=1",
					"$(inherited)",
				);
				GCC_WARN_64_TO_32_BIT_CONVERSION = YES;
				GCC_WARN_ABOUT_RETURN_TYPE = YES_ERROR;
				GCC_WARN_UNDECLARED_SELECTOR = YES;
				GCC_WARN_UNINITIALIZED_AUTOS = YES_AGGRESSIVE;
				GCC_WARN_UNUSED_FUNCTION = YES;
				GCC_WARN_UNUSED_VARIABLE = YES;
				IPHONEOS_DEPLOYMENT_TARGET = 13.4;
				MTL_ENABLE_DEBUG_INFO = INCLUDE_SOURCE;
				MTL_FAST_MATH = YES;
				ONLY_ACTIVE_ARCH = YES;
				SDKROOT = iphoneos;
				SWIFT_ACTIVE_COMPILATION_CONDITIONS = DEBUG;
				SWIFT_OPTIMIZATION_LEVEL = "-Onone";
			};
			name = Debug;
		};
		5ECDA3F22444C74D0090A35A /* Release */ = {
			isa = XCBuildConfiguration;
			buildSettings = {
				ALWAYS_SEARCH_USER_PATHS = NO;
				CLANG_ANALYZER_NONNULL = YES;
				CLANG_ANALYZER_NUMBER_OBJECT_CONVERSION = YES_AGGRESSIVE;
				CLANG_CXX_LANGUAGE_STANDARD = "gnu++14";
				CLANG_CXX_LIBRARY = "libc++";
				CLANG_ENABLE_MODULES = YES;
				CLANG_ENABLE_OBJC_ARC = YES;
				CLANG_ENABLE_OBJC_WEAK = YES;
				CLANG_WARN_BLOCK_CAPTURE_AUTORELEASING = YES;
				CLANG_WARN_BOOL_CONVERSION = YES;
				CLANG_WARN_COMMA = YES;
				CLANG_WARN_CONSTANT_CONVERSION = YES;
				CLANG_WARN_DEPRECATED_OBJC_IMPLEMENTATIONS = YES;
				CLANG_WARN_DIRECT_OBJC_ISA_USAGE = YES_ERROR;
				CLANG_WARN_DOCUMENTATION_COMMENTS = YES;
				CLANG_WARN_EMPTY_BODY = YES;
				CLANG_WARN_ENUM_CONVERSION = YES;
				CLANG_WARN_INFINITE_RECURSION = YES;
				CLANG_WARN_INT_CONVERSION = YES;
				CLANG_WARN_NON_LITERAL_NULL_CONVERSION = YES;
				CLANG_WARN_OBJC_IMPLICIT_RETAIN_SELF = YES;
				CLANG_WARN_OBJC_LITERAL_CONVERSION = YES;
				CLANG_WARN_OBJC_ROOT_CLASS = YES_ERROR;
				CLANG_WARN_RANGE_LOOP_ANALYSIS = YES;
				CLANG_WARN_STRICT_PROTOTYPES = YES;
				CLANG_WARN_SUSPICIOUS_MOVE = YES;
				CLANG_WARN_UNGUARDED_AVAILABILITY = YES_AGGRESSIVE;
				CLANG_WARN_UNREACHABLE_CODE = YES;
				CLANG_WARN__DUPLICATE_METHOD_MATCH = YES;
				COPY_PHASE_STRIP = NO;
				DEBUG_INFORMATION_FORMAT = "dwarf-with-dsym";
				ENABLE_NS_ASSERTIONS = NO;
				ENABLE_STRICT_OBJC_MSGSEND = YES;
				GCC_C_LANGUAGE_STANDARD = gnu11;
				GCC_NO_COMMON_BLOCKS = YES;
				GCC_WARN_64_TO_32_BIT_CONVERSION = YES;
				GCC_WARN_ABOUT_RETURN_TYPE = YES_ERROR;
				GCC_WARN_UNDECLARED_SELECTOR = YES;
				GCC_WARN_UNINITIALIZED_AUTOS = YES_AGGRESSIVE;
				GCC_WARN_UNUSED_FUNCTION = YES;
				GCC_WARN_UNUSED_VARIABLE = YES;
				IPHONEOS_DEPLOYMENT_TARGET = 13.4;
				MTL_ENABLE_DEBUG_INFO = NO;
				MTL_FAST_MATH = YES;
				SDKROOT = iphoneos;
				SWIFT_COMPILATION_MODE = wholemodule;
				SWIFT_OPTIMIZATION_LEVEL = "-O";
				VALIDATE_PRODUCT = YES;
			};
			name = Release;
		};
		5ECDA3F42444C74D0090A35A /* Debug */ = {
			isa = XCBuildConfiguration;
			buildSettings = {
				ASSETCATALOG_COMPILER_APPICON_NAME = AppIcon;
				CODE_SIGN_STYLE = Automatic;
				DEVELOPMENT_TEAM = HFG94S52NY;
				INFOPLIST_FILE = HangmanGame/Info.plist;
				LD_RUNPATH_SEARCH_PATHS = (
					"$(inherited)",
					"@executable_path/Frameworks",
				);
				PRODUCT_BUNDLE_IDENTIFIER = com.ekaterinaakchurina.HangmanGame;
				PRODUCT_NAME = "$(TARGET_NAME)";
				SWIFT_VERSION = 5.0;
				TARGETED_DEVICE_FAMILY = "1,2";
			};
			name = Debug;
		};
		5ECDA3F52444C74D0090A35A /* Release */ = {
			isa = XCBuildConfiguration;
			buildSettings = {
				ASSETCATALOG_COMPILER_APPICON_NAME = AppIcon;
				CODE_SIGN_STYLE = Automatic;
				DEVELOPMENT_TEAM = HFG94S52NY;
				INFOPLIST_FILE = HangmanGame/Info.plist;
				LD_RUNPATH_SEARCH_PATHS = (
					"$(inherited)",
					"@executable_path/Frameworks",
				);
				PRODUCT_BUNDLE_IDENTIFIER = com.ekaterinaakchurina.HangmanGame;
				PRODUCT_NAME = "$(TARGET_NAME)";
				SWIFT_VERSION = 5.0;
				TARGETED_DEVICE_FAMILY = "1,2";
			};
			name = Release;
		};
/* End XCBuildConfiguration section */

/* Begin XCConfigurationList section */
		5ECDA3DA2444C74A0090A35A /* Build configuration list for PBXProject "HangmanGame" */ = {
			isa = XCConfigurationList;
			buildConfigurations = (
				5ECDA3F12444C74D0090A35A /* Debug */,
				5ECDA3F22444C74D0090A35A /* Release */,
			);
			defaultConfigurationIsVisible = 0;
			defaultConfigurationName = Release;
		};
		5ECDA3F32444C74D0090A35A /* Build configuration list for PBXNativeTarget "HangmanGame" */ = {
			isa = XCConfigurationList;
			buildConfigurations = (
				5ECDA3F42444C74D0090A35A /* Debug */,
				5ECDA3F52444C74D0090A35A /* Release */,
			);
			defaultConfigurationIsVisible = 0;
			defaultConfigurationName = Release;
		};
/* End XCConfigurationList section */
	};
	rootObject = 5ECDA3D72444C74A0090A35A /* Project object */;
}
